
Microsoft Visual Studio Solution File, Format Version 12.00
# Visual Studio Version 16
VisualStudioVersion = 16.0.30804.86
MinimumVisualStudioVersion = 10.0.40219.1
Project("{FAE04EC0-301F-11D3-BF4B-00C04F79EFBC}") = "factoryMethod", "factoryMethod\factoryMethod.csproj", "{F32D3139-6122-4671-84CB-1C960B224C33}"
EndProject
Global
	GlobalSection(SolutionConfigurationPlatforms) = preSolution
		Debug|Any CPU = Debug|Any CPU
		Release|Any CPU = Release|Any CPU
	EndGlobalSection
	GlobalSection(ProjectConfigurationPlatforms) = postSolution
		{F32D3139-6122-4671-84CB-1C960B224C33}.Debug|Any CPU.ActiveCfg = Debug|Any CPU
		{F32D3139-6122-4671-84CB-1C960B224C33}.Debug|Any CPU.Build.0 = Debug|Any CPU
		{F32D3139-6122-4671-84CB-1C960B224C33}.Release|Any CPU.ActiveCfg = Release|Any CPU
		{F32D3139-6122-4671-84CB-1C960B224C33}.Release|Any CPU.Build.0 = Release|Any CPU
	EndGlobalSection
	GlobalSection(SolutionProperties) = preSolution
		HideSolutionNode = FALSE
	EndGlobalSection
	GlobalSection(ExtensibilityGlobals) = postSolution
		SolutionGuid = {5D238D66-6E0F-4626-998B-DEF0D26091A3}
	EndGlobalSection
EndGlobal
